{
  "name": "kate-sleep-powercord",
  "version": "1.0.0",
  "lockfileVersion": 2,
  "requires": true,
  "packages": {
    "": {
      "version": "1.0.0",
      "license": "MIT",
      "dependencies": {
        "kate-sleep": "^0.0.11"
      }
    },
    "node_modules/kate-sleep": {
      "version": "0.0.11",
      "resolved": "https://registry.npmjs.org/kate-sleep/-/kate-sleep-0.0.11.tgz",
      "integrity": "sha512-G+t2zOado0ti9oZB1eedH25qCs/T9VbRbxYXI346XThOwThIijQL3+8HiRYWe2E2BG95wdbYIPOeoIqcoD3eQQ==",
      "dependencies": {
        "node-fetch": "^2.6.1"
      },
      "engines": {
        "node": ">=4.0.0"
      }
    },
    "node_modules/node-fetch": {
      "version": "2.6.1",
      "resolved": "https://registry.npmjs.org/node-fetch/-/node-fetch-2.6.1.tgz",
      "integrity": "sha512-V4aYg89jEoVRxRb2fJdAg8FHvI7cEyYdVAh94HH0UIK8oJxUfkjlDQN9RbMx+bEjP7+ggMiFRprSti032Oipxw==",
      "engines": {
        "node": "4.x || >=6.0.0"
      }
    }
  },
  "dependencies": {
    "kate-sleep": {
      "version": "0.0.11",
      "resolved": "https://registry.npmjs.org/kate-sleep/-/kate-sleep-0.0.11.tgz",
      "integrity": "sha512-G+t2zOado0ti9oZB1eedH25qCs/T9VbRbxYXI346XThOwThIijQL3+8HiRYWe2E2BG95wdbYIPOeoIqcoD3eQQ==",
      "requires": {
        "node-fetch": "^2.6.1"
      }
    },
    "node-fetch": {
      "version": "2.6.1",
      "resolved": "https://registry.npmjs.org/node-fetch/-/node-fetch-2.6.1.tgz",
      "integrity": "sha512-V4aYg89jEoVRxRb2fJdAg8FHvI7cEyYdVAh94HH0UIK8oJxUfkjlDQN9RbMx+bEjP7+ggMiFRprSti032Oipxw=="
    }
  }
}
